// !$*UTF8*$!
{
	archiveVersion = 1;
	classes = {
	};
	objectVersion = 48;
	objects = {

/* Begin PBXBuildFile section */
		284813B61FDC9D4300BE14D5 /* DynamicSprite.cpp in Sources */ = {isa = PBXBuildFile; fileRef = 284813B41FDC9D4300BE14D5 /* DynamicSprite.cpp */; };
		284813B91FDC9D5100BE14D5 /* StaticSprite.cpp in Sources */ = {isa = PBXBuildFile; fileRef = 284813B71FDC9D5100BE14D5 /* StaticSprite.cpp */; };
		284813BC1FDC9D6400BE14D5 /* Enemy.cpp in Sources */ = {isa = PBXBuildFile; fileRef = 284813BA1FDC9D6400BE14D5 /* Enemy.cpp */; };
		284813BF1FDC9D6E00BE14D5 /* Player.cpp in Sources */ = {isa = PBXBuildFile; fileRef = 284813BD1FDC9D6E00BE14D5 /* Player.cpp */; };
		284813C21FE2A58B00BE14D5 /* VerticalWall.cpp in Sources */ = {isa = PBXBuildFile; fileRef = 284813C01FE2A58B00BE14D5 /* VerticalWall.cpp */; };
		289915971FEE89730024AE86 /* HorizontalWall.cpp in Sources */ = {isa = PBXBuildFile; fileRef = 289915951FEE89730024AE86 /* HorizontalWall.cpp */; };
		2899159A2003B3EE0024AE86 /* PointPill.cpp in Sources */ = {isa = PBXBuildFile; fileRef = 289915982003B3EE0024AE86 /* PointPill.cpp */; };
		28C51D801FB521E300452EF2 /* main.cpp in Sources */ = {isa = PBXBuildFile; fileRef = 28C51D7F1FB521E300452EF2 /* main.cpp */; };
		28C51D8A1FB5221C00452EF2 /* SDL2.framework in Frameworks */ = {isa = PBXBuildFile; fileRef = 28C51D891FB5221B00452EF2 /* SDL2.framework */; };
		28EE9D441FD16E3800E4275F /* Sprite.cpp in Sources */ = {isa = PBXBuildFile; fileRef = 28EE9D421FD16E3800E4275F /* Sprite.cpp */; };
		28FA381E1FD02FE600B722DB /* Game.cpp in Sources */ = {isa = PBXBuildFile; fileRef = 28FA381C1FD02FE600B722DB /* Game.cpp */; };
		28FA38201FD0300400B722DB /* SDL2_image.framework in Frameworks */ = {isa = PBXBuildFile; fileRef = 28FA381F1FD0300300B722DB /* SDL2_image.framework */; };
		28FA38221FD0301800B722DB /* SDL2_mixer.framework in Frameworks */ = {isa = PBXBuildFile; fileRef = 28FA38211FD0301700B722DB /* SDL2_mixer.framework */; };
		28FA38241FD0302900B722DB /* SDL2_ttf.framework in Frameworks */ = {isa = PBXBuildFile; fileRef = 28FA38231FD0302900B722DB /* SDL2_ttf.framework */; };
/* End PBXBuildFile section */

/* Begin PBXCopyFilesBuildPhase section */
		28C51D7A1FB521E300452EF2 /* CopyFiles */ = {
			isa = PBXCopyFilesBuildPhase;
			buildActionMask = 2147483647;
			dstPath = /usr/share/man/man1/;
			dstSubfolderSpec = 0;
			files = (
			);
			runOnlyForDeploymentPostprocessing = 1;
		};
/* End PBXCopyFilesBuildPhase section */

/* Begin PBXFileReference section */
		284813B41FDC9D4300BE14D5 /* DynamicSprite.cpp */ = {isa = PBXFileReference; lastKnownFileType = sourcecode.cpp.cpp; path = DynamicSprite.cpp; sourceTree = "<group>"; };
		284813B51FDC9D4300BE14D5 /* DynamicSprite.hpp */ = {isa = PBXFileReference; lastKnownFileType = sourcecode.cpp.h; path = DynamicSprite.hpp; sourceTree = "<group>"; };
		284813B71FDC9D5100BE14D5 /* StaticSprite.cpp */ = {isa = PBXFileReference; lastKnownFileType = sourcecode.cpp.cpp; path = StaticSprite.cpp; sourceTree = "<group>"; };
		284813B81FDC9D5100BE14D5 /* StaticSprite.hpp */ = {isa = PBXFileReference; lastKnownFileType = sourcecode.cpp.h; path = StaticSprite.hpp; sourceTree = "<group>"; };
		284813BA1FDC9D6400BE14D5 /* Enemy.cpp */ = {isa = PBXFileReference; lastKnownFileType = sourcecode.cpp.cpp; path = Enemy.cpp; sourceTree = "<group>"; };
		284813BB1FDC9D6400BE14D5 /* Enemy.hpp */ = {isa = PBXFileReference; lastKnownFileType = sourcecode.cpp.h; path = Enemy.hpp; sourceTree = "<group>"; };
		284813BD1FDC9D6E00BE14D5 /* Player.cpp */ = {isa = PBXFileReference; lastKnownFileType = sourcecode.cpp.cpp; path = Player.cpp; sourceTree = "<group>"; };
		284813BE1FDC9D6E00BE14D5 /* Player.hpp */ = {isa = PBXFileReference; lastKnownFileType = sourcecode.cpp.h; path = Player.hpp; sourceTree = "<group>"; };
		284813C01FE2A58B00BE14D5 /* VerticalWall.cpp */ = {isa = PBXFileReference; lastKnownFileType = sourcecode.cpp.cpp; path = VerticalWall.cpp; sourceTree = "<group>"; };
		284813C11FE2A58B00BE14D5 /* VerticalWall.hpp */ = {isa = PBXFileReference; lastKnownFileType = sourcecode.cpp.h; path = VerticalWall.hpp; sourceTree = "<group>"; };
		289915951FEE89730024AE86 /* HorizontalWall.cpp */ = {isa = PBXFileReference; lastKnownFileType = sourcecode.cpp.cpp; path = HorizontalWall.cpp; sourceTree = "<group>"; };
		289915961FEE89730024AE86 /* HorizontalWall.hpp */ = {isa = PBXFileReference; lastKnownFileType = sourcecode.cpp.h; path = HorizontalWall.hpp; sourceTree = "<group>"; };
		289915982003B3EE0024AE86 /* PointPill.cpp */ = {isa = PBXFileReference; lastKnownFileType = sourcecode.cpp.cpp; path = PointPill.cpp; sourceTree = "<group>"; };
		289915992003B3EE0024AE86 /* PointPill.hpp */ = {isa = PBXFileReference; lastKnownFileType = sourcecode.cpp.h; path = PointPill.hpp; sourceTree = "<group>"; };
		28C51D7C1FB521E300452EF2 /* GameEngine */ = {isa = PBXFileReference; explicitFileType = "compiled.mach-o.executable"; includeInIndex = 0; path = GameEngine; sourceTree = BUILT_PRODUCTS_DIR; };
		28C51D7F1FB521E300452EF2 /* main.cpp */ = {isa = PBXFileReference; lastKnownFileType = sourcecode.cpp.cpp; path = main.cpp; sourceTree = "<group>"; };
		28C51D871FB5220800452EF2 /* Library */ = {isa = PBXFileReference; lastKnownFileType = folder; name = Library; path = ../../../../../../../../Library; sourceTree = "<group>"; };
		28C51D891FB5221B00452EF2 /* SDL2.framework */ = {isa = PBXFileReference; lastKnownFileType = wrapper.framework; name = SDL2.framework; path = ../../../../../../../../Library/Frameworks/SDL2.framework; sourceTree = "<group>"; };
		28EE9D421FD16E3800E4275F /* Sprite.cpp */ = {isa = PBXFileReference; lastKnownFileType = sourcecode.cpp.cpp; path = Sprite.cpp; sourceTree = "<group>"; };
		28EE9D431FD16E3800E4275F /* Sprite.hpp */ = {isa = PBXFileReference; lastKnownFileType = sourcecode.cpp.h; path = Sprite.hpp; sourceTree = "<group>"; };
		28FA381C1FD02FE600B722DB /* Game.cpp */ = {isa = PBXFileReference; lastKnownFileType = sourcecode.cpp.cpp; path = Game.cpp; sourceTree = "<group>"; };
		28FA381D1FD02FE600B722DB /* Game.hpp */ = {isa = PBXFileReference; lastKnownFileType = sourcecode.cpp.h; path = Game.hpp; sourceTree = "<group>"; };
		28FA381F1FD0300300B722DB /* SDL2_image.framework */ = {isa = PBXFileReference; lastKnownFileType = wrapper.framework; name = SDL2_image.framework; path = ../../../../../../../../Library/Frameworks/SDL2_image.framework; sourceTree = "<group>"; };
		28FA38211FD0301700B722DB /* SDL2_mixer.framework */ = {isa = PBXFileReference; lastKnownFileType = wrapper.framework; name = SDL2_mixer.framework; path = ../../../../../../../../Library/Frameworks/SDL2_mixer.framework; sourceTree = "<group>"; };
		28FA38231FD0302900B722DB /* SDL2_ttf.framework */ = {isa = PBXFileReference; lastKnownFileType = wrapper.framework; name = SDL2_ttf.framework; path = ../../../../../../../../Library/Frameworks/SDL2_ttf.framework; sourceTree = "<group>"; };
/* End PBXFileReference section */

/* Begin PBXFrameworksBuildPhase section */
		28C51D791FB521E300452EF2 /* Frameworks */ = {
			isa = PBXFrameworksBuildPhase;
			buildActionMask = 2147483647;
			files = (
				28FA38241FD0302900B722DB /* SDL2_ttf.framework in Frameworks */,
				28FA38221FD0301800B722DB /* SDL2_mixer.framework in Frameworks */,
				28FA38201FD0300400B722DB /* SDL2_image.framework in Frameworks */,
				28C51D8A1FB5221C00452EF2 /* SDL2.framework in Frameworks */,
			);
			runOnlyForDeploymentPostprocessing = 0;
		};
/* End PBXFrameworksBuildPhase section */

/* Begin PBXGroup section */
		28C51D731FB521E300452EF2 = {
			isa = PBXGroup;
			children = (
				28C51D7E1FB521E300452EF2 /* GameEngine */,
				28C51D7D1FB521E300452EF2 /* Products */,
				28C51D861FB5220800452EF2 /* Frameworks */,
			);
			sourceTree = "<group>";
		};
		28C51D7D1FB521E300452EF2 /* Products */ = {
			isa = PBXGroup;
			children = (
				28C51D7C1FB521E300452EF2 /* GameEngine */,
			);
			name = Products;
			sourceTree = "<group>";
		};
		28C51D7E1FB521E300452EF2 /* GameEngine */ = {
			isa = PBXGroup;
			children = (
				28C51D7F1FB521E300452EF2 /* main.cpp */,
				28FA381C1FD02FE600B722DB /* Game.cpp */,
				28FA381D1FD02FE600B722DB /* Game.hpp */,
				28EE9D421FD16E3800E4275F /* Sprite.cpp */,
				28EE9D431FD16E3800E4275F /* Sprite.hpp */,
				284813B41FDC9D4300BE14D5 /* DynamicSprite.cpp */,
				284813B51FDC9D4300BE14D5 /* DynamicSprite.hpp */,
				284813BD1FDC9D6E00BE14D5 /* Player.cpp */,
				284813BE1FDC9D6E00BE14D5 /* Player.hpp */,
				284813BA1FDC9D6400BE14D5 /* Enemy.cpp */,
				284813BB1FDC9D6400BE14D5 /* Enemy.hpp */,
				284813B71FDC9D5100BE14D5 /* StaticSprite.cpp */,
				284813B81FDC9D5100BE14D5 /* StaticSprite.hpp */,
				284813C01FE2A58B00BE14D5 /* VerticalWall.cpp */,
				284813C11FE2A58B00BE14D5 /* VerticalWall.hpp */,
				289915951FEE89730024AE86 /* HorizontalWall.cpp */,
				289915961FEE89730024AE86 /* HorizontalWall.hpp */,
				289915982003B3EE0024AE86 /* PointPill.cpp */,
				289915992003B3EE0024AE86 /* PointPill.hpp */,
			);
			path = GameEngine;
			sourceTree = "<group>";
		};
		28C51D861FB5220800452EF2 /* Frameworks */ = {
			isa = PBXGroup;
			children = (
				28FA38231FD0302900B722DB /* SDL2_ttf.framework */,
				28FA38211FD0301700B722DB /* SDL2_mixer.framework */,
				28FA381F1FD0300300B722DB /* SDL2_image.framework */,
				28C51D891FB5221B00452EF2 /* SDL2.framework */,
				28C51D871FB5220800452EF2 /* Library */,
			);
			name = Frameworks;
			sourceTree = "<group>";
		};
/* End PBXGroup section */

/* Begin PBXNativeTarget section */
		28C51D7B1FB521E300452EF2 /* GameEngine */ = {
			isa = PBXNativeTarget;
			buildConfigurationList = 28C51D831FB521E300452EF2 /* Build configuration list for PBXNativeTarget "GameEngine" */;
			buildPhases = (
				28C51D781FB521E300452EF2 /* Sources */,
				28C51D791FB521E300452EF2 /* Frameworks */,
				28C51D7A1FB521E300452EF2 /* CopyFiles */,
			);
			buildRules = (
			);
			dependencies = (
			);
			name = GameEngine;
			productName = GameEngine;
			productReference = 28C51D7C1FB521E300452EF2 /* GameEngine */;
			productType = "com.apple.product-type.tool";
		};
/* End PBXNativeTarget section */

/* Begin PBXProject section */
		28C51D741FB521E300452EF2 /* Project object */ = {
			isa = PBXProject;
			attributes = {
				LastUpgradeCheck = 0910;
				ORGANIZATIONNAME = "Marie Topphem";
				TargetAttributes = {
					28C51D7B1FB521E300452EF2 = {
						CreatedOnToolsVersion = 9.1;
						ProvisioningStyle = Automatic;
					};
				};
			};
			buildConfigurationList = 28C51D771FB521E300452EF2 /* Build configuration list for PBXProject "GameEngine" */;
			compatibilityVersion = "Xcode 8.0";
			developmentRegion = en;
			hasScannedForEncodings = 0;
			knownRegions = (
				en,
			);
			mainGroup = 28C51D731FB521E300452EF2;
			productRefGroup = 28C51D7D1FB521E300452EF2 /* Products */;
			projectDirPath = "";
			projectRoot = "";
			targets = (
				28C51D7B1FB521E300452EF2 /* GameEngine */,
			);
		};
/* End PBXProject section */

/* Begin PBXSourcesBuildPhase section */
		28C51D781FB521E300452EF2 /* Sources */ = {
			isa = PBXSourcesBuildPhase;
			buildActionMask = 2147483647;
			files = (
				28C51D801FB521E300452EF2 /* main.cpp in Sources */,
				28FA381E1FD02FE600B722DB /* Game.cpp in Sources */,
				284813BC1FDC9D6400BE14D5 /* Enemy.cpp in Sources */,
				284813BF1FDC9D6E00BE14D5 /* Player.cpp in Sources */,
				284813B91FDC9D5100BE14D5 /* StaticSprite.cpp in Sources */,
				28EE9D441FD16E3800E4275F /* Sprite.cpp in Sources */,
				289915971FEE89730024AE86 /* HorizontalWall.cpp in Sources */,
				284813C21FE2A58B00BE14D5 /* VerticalWall.cpp in Sources */,
				284813B61FDC9D4300BE14D5 /* DynamicSprite.cpp in Sources */,
				2899159A2003B3EE0024AE86 /* PointPill.cpp in Sources */,
			);
			runOnlyForDeploymentPostprocessing = 0;
		};
/* End PBXSourcesBuildPhase section */

/* Begin XCBuildConfiguration section */
		28C51D811FB521E300452EF2 /* Debug */ = {
			isa = XCBuildConfiguration;
			buildSettings = {
				ALWAYS_SEARCH_USER_PATHS = NO;
				CLANG_ANALYZER_NONNULL = YES;
				CLANG_ANALYZER_NUMBER_OBJECT_CONVERSION = YES_AGGRESSIVE;
				CLANG_CXX_LANGUAGE_STANDARD = "gnu++14";
				CLANG_CXX_LIBRARY = "libc++";
				CLANG_ENABLE_MODULES = YES;
				CLANG_ENABLE_OBJC_ARC = YES;
				CLANG_WARN_BLOCK_CAPTURE_AUTORELEASING = YES;
				CLANG_WARN_BOOL_CONVERSION = YES;
				CLANG_WARN_COMMA = YES;
				CLANG_WARN_CONSTANT_CONVERSION = YES;
				CLANG_WARN_DIRECT_OBJC_ISA_USAGE = YES_ERROR;
				CLANG_WARN_DOCUMENTATION_COMMENTS = YES;
				CLANG_WARN_EMPTY_BODY = YES;
				CLANG_WARN_ENUM_CONVERSION = YES;
				CLANG_WARN_INFINITE_RECURSION = YES;
				CLANG_WARN_INT_CONVERSION = YES;
				CLANG_WARN_NON_LITERAL_NULL_CONVERSION = YES;
				CLANG_WARN_OBJC_LITERAL_CONVERSION = YES;
				CLANG_WARN_OBJC_ROOT_CLASS = YES_ERROR;
				CLANG_WARN_RANGE_LOOP_ANALYSIS = YES;
				CLANG_WARN_STRICT_PROTOTYPES = YES;
				CLANG_WARN_SUSPICIOUS_MOVE = YES;
				CLANG_WARN_UNGUARDED_AVAILABILITY = YES_AGGRESSIVE;
				CLANG_WARN_UNREACHABLE_CODE = YES;
				CLANG_WARN__DUPLICATE_METHOD_MATCH = YES;
				CODE_SIGN_IDENTITY = "-";
				COPY_PHASE_STRIP = NO;
				DEBUG_INFORMATION_FORMAT = dwarf;
				ENABLE_STRICT_OBJC_MSGSEND = YES;
				ENABLE_TESTABILITY = YES;
				GCC_C_LANGUAGE_STANDARD = gnu11;
				GCC_DYNAMIC_NO_PIC = NO;
				GCC_NO_COMMON_BLOCKS = YES;
				GCC_OPTIMIZATION_LEVEL = 0;
				GCC_PREPROCESSOR_DEFINITIONS = (
					"DEBUG=1",
					"$(inherited)",
				);
				GCC_WARN_64_TO_32_BIT_CONVERSION = YES;
				GCC_WARN_ABOUT_RETURN_TYPE = YES_ERROR;
				GCC_WARN_UNDECLARED_SELECTOR = YES;
				GCC_WARN_UNINITIALIZED_AUTOS = YES_AGGRESSIVE;
				GCC_WARN_UNUSED_FUNCTION = YES;
				GCC_WARN_UNUSED_VARIABLE = YES;
				MACOSX_DEPLOYMENT_TARGET = 10.12;
				MTL_ENABLE_DEBUG_INFO = YES;
				ONLY_ACTIVE_ARCH = YES;
				SDKROOT = macosx;
			};
			name = Debug;
		};
		28C51D821FB521E300452EF2 /* Release */ = {
			isa = XCBuildConfiguration;
			buildSettings = {
				ALWAYS_SEARCH_USER_PATHS = NO;
				CLANG_ANALYZER_NONNULL = YES;
				CLANG_ANALYZER_NUMBER_OBJECT_CONVERSION = YES_AGGRESSIVE;
				CLANG_CXX_LANGUAGE_STANDARD = "gnu++14";
				CLANG_CXX_LIBRARY = "libc++";
				CLANG_ENABLE_MODULES = YES;
				CLANG_ENABLE_OBJC_ARC = YES;
				CLANG_WARN_BLOCK_CAPTURE_AUTORELEASING = YES;
				CLANG_WARN_BOOL_CONVERSION = YES;
				CLANG_WARN_COMMA = YES;
				CLANG_WARN_CONSTANT_CONVERSION = YES;
				CLANG_WARN_DIRECT_OBJC_ISA_USAGE = YES_ERROR;
				CLANG_WARN_DOCUMENTATION_COMMENTS = YES;
				CLANG_WARN_EMPTY_BODY = YES;
				CLANG_WARN_ENUM_CONVERSION = YES;
				CLANG_WARN_INFINITE_RECURSION = YES;
				CLANG_WARN_INT_CONVERSION = YES;
				CLANG_WARN_NON_LITERAL_NULL_CONVERSION = YES;
				CLANG_WARN_OBJC_LITERAL_CONVERSION = YES;
				CLANG_WARN_OBJC_ROOT_CLASS = YES_ERROR;
				CLANG_WARN_RANGE_LOOP_ANALYSIS = YES;
				CLANG_WARN_STRICT_PROTOTYPES = YES;
				CLANG_WARN_SUSPICIOUS_MOVE = YES;
				CLANG_WARN_UNGUARDED_AVAILABILITY = YES_AGGRESSIVE;
				CLANG_WARN_UNREACHABLE_CODE = YES;
				CLANG_WARN__DUPLICATE_METHOD_MATCH = YES;
				CODE_SIGN_IDENTITY = "-";
				COPY_PHASE_STRIP = NO;
				DEBUG_INFORMATION_FORMAT = "dwarf-with-dsym";
				ENABLE_NS_ASSERTIONS = NO;
				ENABLE_STRICT_OBJC_MSGSEND = YES;
				GCC_C_LANGUAGE_STANDARD = gnu11;
				GCC_NO_COMMON_BLOCKS = YES;
				GCC_WARN_64_TO_32_BIT_CONVERSION = YES;
				GCC_WARN_ABOUT_RETURN_TYPE = YES_ERROR;
				GCC_WARN_UNDECLARED_SELECTOR = YES;
				GCC_WARN_UNINITIALIZED_AUTOS = YES_AGGRESSIVE;
				GCC_WARN_UNUSED_FUNCTION = YES;
				GCC_WARN_UNUSED_VARIABLE = YES;
				MACOSX_DEPLOYMENT_TARGET = 10.12;
				MTL_ENABLE_DEBUG_INFO = NO;
				SDKROOT = macosx;
			};
			name = Release;
		};
		28C51D841FB521E300452EF2 /* Debug */ = {
			isa = XCBuildConfiguration;
			buildSettings = {
				CODE_SIGN_STYLE = Automatic;
				FRAMEWORK_SEARCH_PATHS = (
					"$(inherited)",
					"$(LOCAL_LIBRARY_DIR)/Frameworks",
				);
				PRODUCT_NAME = "$(TARGET_NAME)";
			};
			name = Debug;
		};
		28C51D851FB521E300452EF2 /* Release */ = {
			isa = XCBuildConfiguration;
			buildSettings = {
				CODE_SIGN_STYLE = Automatic;
				FRAMEWORK_SEARCH_PATHS = (
					"$(inherited)",
					"$(LOCAL_LIBRARY_DIR)/Frameworks",
				);
				PRODUCT_NAME = "$(TARGET_NAME)";
			};
			name = Release;
		};
/* End XCBuildConfiguration section */

/* Begin XCConfigurationList section */
		28C51D771FB521E300452EF2 /* Build configuration list for PBXProject "GameEngine" */ = {
			isa = XCConfigurationList;
			buildConfigurations = (
				28C51D811FB521E300452EF2 /* Debug */,
				28C51D821FB521E300452EF2 /* Release */,
			);
			defaultConfigurationIsVisible = 0;
			defaultConfigurationName = Release;
		};
		28C51D831FB521E300452EF2 /* Build configuration list for PBXNativeTarget "GameEngine" */ = {
			isa = XCConfigurationList;
			buildConfigurations = (
				28C51D841FB521E300452EF2 /* Debug */,
				28C51D851FB521E300452EF2 /* Release */,
			);
			defaultConfigurationIsVisible = 0;
			defaultConfigurationName = Release;
		};
/* End XCConfigurationList section */
	};
	rootObject = 28C51D741FB521E300452EF2 /* Project object */;
}
